{
  "name": "com.domain.app.service",
  "version": "1.0.0",
  "lockfileVersion": 3,
  "requires": true,
  "packages": {
    "": {
      "name": "com.domain.app.service",
      "version": "1.0.0",
      "license": "BSD",
      "dependencies": {
        "font-size-actions": "^1.0.2"
      }
    },
    "node_modules/font-size-actions": {
      "version": "1.0.2",
      "resolved": "https://registry.npmjs.org/font-size-actions/-/font-size-actions-1.0.2.tgz",
      "integrity": "sha512-CmQgtfTmKYws4oI51YyBpOu8lH2pLh/PFgn2X6oT9F5BvJNVVeefwZzY/sJAziQfUzri/VuintScQfiesjktNw=="
    }
  }
}
